# This file is automatically @generated by Cargo.
# It is not intended for manual editing.
[[package]]
name = "pico-args"
version = "0.4.0"
source = "registry+https://github.com/rust-lang/crates.io-index"
checksum = "d70072c20945e1ab871c472a285fc772aefd4f5407723c206242f2c6f94595d6"

[[package]]
name = "zenv"
version = "0.2.0"
dependencies = [
 "pico-args",
]
