# This file is automatically @generated by Cargo.
# It is not intended for manual editing.
version = 3

[[package]]
name = "lexopt"
version = "0.2.0"
source = "registry+https://github.com/rust-lang/crates.io-index"
checksum = "de7513aea7d10dc0694d719ac53de3b74f1600e41b9f81ed9f395d8ec36a2a70"

[[package]]
name = "zenv"
version = "0.7.1"
dependencies = [
 "lexopt",
]
