# This file is automatically @generated by Cargo.
# It is not intended for manual editing.
version = 3

[[package]]
name = "lexopt"
version = "0.2.1"
source = "registry+https://github.com/rust-lang/crates.io-index"
checksum = "478ee9e62aaeaf5b140bd4138753d1f109765488581444218d3ddda43234f3e8"

[[package]]
name = "zenv"
version = "0.8.0"
dependencies = [
 "lexopt",
]
